
Microsoft Visual Studio Solution File, Format Version 12.00
# Visual Studio Version 17
VisualStudioVersion = 17.3.32901.215
MinimumVisualStudioVersion = 10.0.40219.1
Project("{FAE04EC0-301F-11D3-BF4B-00C04F79EFBC}") = "WebApi_Test", "WebApi_Test\WebApi_Test.csproj", "{68C4FA48-1311-45AB-AF96-681966816828}"
EndProject
Global
	GlobalSection(SolutionConfigurationPlatforms) = preSolution
		Debug|Any CPU = Debug|Any CPU
		Release|Any CPU = Release|Any CPU
	EndGlobalSection
	GlobalSection(ProjectConfigurationPlatforms) = postSolution
		{68C4FA48-1311-45AB-AF96-681966816828}.Debug|Any CPU.ActiveCfg = Debug|Any CPU
		{68C4FA48-1311-45AB-AF96-681966816828}.Debug|Any CPU.Build.0 = Debug|Any CPU
		{68C4FA48-1311-45AB-AF96-681966816828}.Release|Any CPU.ActiveCfg = Release|Any CPU
		{68C4FA48-1311-45AB-AF96-681966816828}.Release|Any CPU.Build.0 = Release|Any CPU
	EndGlobalSection
	GlobalSection(SolutionProperties) = preSolution
		HideSolutionNode = FALSE
	EndGlobalSection
	GlobalSection(ExtensibilityGlobals) = postSolution
		SolutionGuid = {58562F20-A007-478B-8778-22F5C12F3D4F}
	EndGlobalSection
EndGlobal
